// !$*UTF8*$!
{
	archiveVersion = 1;
	classes = {
	};
	objectVersion = 55;
	objects = {

/* Begin PBXBuildFile section */
		0493393D27998EA90020B553 /* ExamController.swift in Sources */ = {isa = PBXBuildFile; fileRef = 0493393C27998EA90020B553 /* ExamController.swift */; };
		04A4E04127998572004ED703 /* AppDelegate.swift in Sources */ = {isa = PBXBuildFile; fileRef = 04A4E04027998572004ED703 /* AppDelegate.swift */; };
		04A4E04327998572004ED703 /* SceneDelegate.swift in Sources */ = {isa = PBXBuildFile; fileRef = 04A4E04227998572004ED703 /* SceneDelegate.swift */; };
		04A4E04827998572004ED703 /* Main.storyboard in Resources */ = {isa = PBXBuildFile; fileRef = 04A4E04627998572004ED703 /* Main.storyboard */; };
		04A4E04A27998573004ED703 /* Assets.xcassets in Resources */ = {isa = PBXBuildFile; fileRef = 04A4E04927998573004ED703 /* Assets.xcassets */; };
		04A4E04D27998573004ED703 /* LaunchScreen.storyboard in Resources */ = {isa = PBXBuildFile; fileRef = 04A4E04B27998573004ED703 /* LaunchScreen.storyboard */; };
		04A4E058279985E5004ED703 /* Question.swift in Sources */ = {isa = PBXBuildFile; fileRef = 04A4E057279985E5004ED703 /* Question.swift */; };
		04A4E05A2799866F004ED703 /* QuestionView.swift in Sources */ = {isa = PBXBuildFile; fileRef = 04A4E0592799866F004ED703 /* QuestionView.swift */; };
		04A4E05C2799869D004ED703 /* QuestionView.xib in Resources */ = {isa = PBXBuildFile; fileRef = 04A4E05B2799869D004ED703 /* QuestionView.xib */; };
/* End PBXBuildFile section */

/* Begin PBXFileReference section */
		0493393C27998EA90020B553 /* ExamController.swift */ = {isa = PBXFileReference; lastKnownFileType = sourcecode.swift; path = ExamController.swift; sourceTree = "<group>"; };
		04A4E03D27998572004ED703 /* MVC-Example.app */ = {isa = PBXFileReference; explicitFileType = wrapper.application; includeInIndex = 0; path = "MVC-Example.app"; sourceTree = BUILT_PRODUCTS_DIR; };
		04A4E04027998572004ED703 /* AppDelegate.swift */ = {isa = PBXFileReference; lastKnownFileType = sourcecode.swift; path = AppDelegate.swift; sourceTree = "<group>"; };
		04A4E04227998572004ED703 /* SceneDelegate.swift */ = {isa = PBXFileReference; lastKnownFileType = sourcecode.swift; path = SceneDelegate.swift; sourceTree = "<group>"; };
		04A4E04727998572004ED703 /* Base */ = {isa = PBXFileReference; lastKnownFileType = file.storyboard; name = Base; path = Base.lproj/Main.storyboard; sourceTree = "<group>"; };
		04A4E04927998573004ED703 /* Assets.xcassets */ = {isa = PBXFileReference; lastKnownFileType = folder.assetcatalog; path = Assets.xcassets; sourceTree = "<group>"; };
		04A4E04C27998573004ED703 /* Base */ = {isa = PBXFileReference; lastKnownFileType = file.storyboard; name = Base; path = Base.lproj/LaunchScreen.storyboard; sourceTree = "<group>"; };
		04A4E04E27998573004ED703 /* Info.plist */ = {isa = PBXFileReference; lastKnownFileType = text.plist.xml; path = Info.plist; sourceTree = "<group>"; };
		04A4E057279985E5004ED703 /* Question.swift */ = {isa = PBXFileReference; lastKnownFileType = sourcecode.swift; path = Question.swift; sourceTree = "<group>"; };
		04A4E0592799866F004ED703 /* QuestionView.swift */ = {isa = PBXFileReference; lastKnownFileType = sourcecode.swift; path = QuestionView.swift; sourceTree = "<group>"; };
		04A4E05B2799869D004ED703 /* QuestionView.xib */ = {isa = PBXFileReference; lastKnownFileType = file.xib; path = QuestionView.xib; sourceTree = "<group>"; };
/* End PBXFileReference section */

/* Begin PBXFrameworksBuildPhase section */
		04A4E03A27998572004ED703 /* Frameworks */ = {
			isa = PBXFrameworksBuildPhase;
			buildActionMask = 2147483647;
			files = (
			);
			runOnlyForDeploymentPostprocessing = 0;
		};
/* End PBXFrameworksBuildPhase section */

/* Begin PBXGroup section */
		04A4E03427998572004ED703 = {
			isa = PBXGroup;
			children = (
				04A4E03F27998572004ED703 /* MVC-Example */,
				04A4E03E27998572004ED703 /* Products */,
			);
			sourceTree = "<group>";
		};
		04A4E03E27998572004ED703 /* Products */ = {
			isa = PBXGroup;
			children = (
				04A4E03D27998572004ED703 /* MVC-Example.app */,
			);
			name = Products;
			sourceTree = "<group>";
		};
		04A4E03F27998572004ED703 /* MVC-Example */ = {
			isa = PBXGroup;
			children = (
				04A4E056279985AB004ED703 /* Controller */,
				04A4E055279985A6004ED703 /* View */,
				04A4E0542799859E004ED703 /* Model */,
				04A4E04027998572004ED703 /* AppDelegate.swift */,
				04A4E04227998572004ED703 /* SceneDelegate.swift */,
				04A4E04627998572004ED703 /* Main.storyboard */,
				04A4E04927998573004ED703 /* Assets.xcassets */,
				04A4E04B27998573004ED703 /* LaunchScreen.storyboard */,
				04A4E04E27998573004ED703 /* Info.plist */,
			);
			path = "MVC-Example";
			sourceTree = "<group>";
		};
		04A4E0542799859E004ED703 /* Model */ = {
			isa = PBXGroup;
			children = (
				04A4E057279985E5004ED703 /* Question.swift */,
			);
			path = Model;
			sourceTree = "<group>";
		};
		04A4E055279985A6004ED703 /* View */ = {
			isa = PBXGroup;
			children = (
				04A4E0592799866F004ED703 /* QuestionView.swift */,
				04A4E05B2799869D004ED703 /* QuestionView.xib */,
			);
			path = View;
			sourceTree = "<group>";
		};
		04A4E056279985AB004ED703 /* Controller */ = {
			isa = PBXGroup;
			children = (
				0493393C27998EA90020B553 /* ExamController.swift */,
			);
			path = Controller;
			sourceTree = "<group>";
		};
/* End PBXGroup section */

/* Begin PBXNativeTarget section */
		04A4E03C27998572004ED703 /* MVC-Example */ = {
			isa = PBXNativeTarget;
			buildConfigurationList = 04A4E05127998573004ED703 /* Build configuration list for PBXNativeTarget "MVC-Example" */;
			buildPhases = (
				04A4E03927998572004ED703 /* Sources */,
				04A4E03A27998572004ED703 /* Frameworks */,
				04A4E03B27998572004ED703 /* Resources */,
			);
			buildRules = (
			);
			dependencies = (
			);
			name = "MVC-Example";
			productName = "MVC-Example";
			productReference = 04A4E03D27998572004ED703 /* MVC-Example.app */;
			productType = "com.apple.product-type.application";
		};
/* End PBXNativeTarget section */

/* Begin PBXProject section */
		04A4E03527998572004ED703 /* Project object */ = {
			isa = PBXProject;
			attributes = {
				BuildIndependentTargetsInParallel = 1;
				LastSwiftUpdateCheck = 1310;
				LastUpgradeCheck = 1310;
				TargetAttributes = {
					04A4E03C27998572004ED703 = {
						CreatedOnToolsVersion = 13.1;
					};
				};
			};
			buildConfigurationList = 04A4E03827998572004ED703 /* Build configuration list for PBXProject "MVC-Example" */;
			compatibilityVersion = "Xcode 13.0";
			developmentRegion = en;
			hasScannedForEncodings = 0;
			knownRegions = (
				en,
				Base,
			);
			mainGroup = 04A4E03427998572004ED703;
			productRefGroup = 04A4E03E27998572004ED703 /* Products */;
			projectDirPath = "";
			projectRoot = "";
			targets = (
				04A4E03C27998572004ED703 /* MVC-Example */,
			);
		};
/* End PBXProject section */

/* Begin PBXResourcesBuildPhase section */
		04A4E03B27998572004ED703 /* Resources */ = {
			isa = PBXResourcesBuildPhase;
			buildActionMask = 2147483647;
			files = (
				04A4E05C2799869D004ED703 /* QuestionView.xib in Resources */,
				04A4E04D27998573004ED703 /* LaunchScreen.storyboard in Resources */,
				04A4E04A27998573004ED703 /* Assets.xcassets in Resources */,
				04A4E04827998572004ED703 /* Main.storyboard in Resources */,
			);
			runOnlyForDeploymentPostprocessing = 0;
		};
/* End PBXResourcesBuildPhase section */

/* Begin PBXSourcesBuildPhase section */
		04A4E03927998572004ED703 /* Sources */ = {
			isa = PBXSourcesBuildPhase;
			buildActionMask = 2147483647;
			files = (
				04A4E05A2799866F004ED703 /* QuestionView.swift in Sources */,
				0493393D27998EA90020B553 /* ExamController.swift in Sources */,
				04A4E058279985E5004ED703 /* Question.swift in Sources */,
				04A4E04127998572004ED703 /* AppDelegate.swift in Sources */,
				04A4E04327998572004ED703 /* SceneDelegate.swift in Sources */,
			);
			runOnlyForDeploymentPostprocessing = 0;
		};
/* End PBXSourcesBuildPhase section */

/* Begin PBXVariantGroup section */
		04A4E04627998572004ED703 /* Main.storyboard */ = {
			isa = PBXVariantGroup;
			children = (
				04A4E04727998572004ED703 /* Base */,
			);
			name = Main.storyboard;
			sourceTree = "<group>";
		};
		04A4E04B27998573004ED703 /* LaunchScreen.storyboard */ = {
			isa = PBXVariantGroup;
			children = (
				04A4E04C27998573004ED703 /* Base */,
			);
			name = LaunchScreen.storyboard;
			sourceTree = "<group>";
		};
/* End PBXVariantGroup section */

/* Begin XCBuildConfiguration section */
		04A4E04F27998573004ED703 /* Debug */ = {
			isa = XCBuildConfiguration;
			buildSettings = {
				ALWAYS_SEARCH_USER_PATHS = NO;
				CLANG_ANALYZER_NONNULL = YES;
				CLANG_ANALYZER_NUMBER_OBJECT_CONVERSION = YES_AGGRESSIVE;
				CLANG_CXX_LANGUAGE_STANDARD = "gnu++17";
				CLANG_CXX_LIBRARY = "libc++";
				CLANG_ENABLE_MODULES = YES;
				CLANG_ENABLE_OBJC_ARC = YES;
				CLANG_ENABLE_OBJC_WEAK = YES;
				CLANG_WARN_BLOCK_CAPTURE_AUTORELEASING = YES;
				CLANG_WARN_BOOL_CONVERSION = YES;
				CLANG_WARN_COMMA = YES;
				CLANG_WARN_CONSTANT_CONVERSION = YES;
				CLANG_WARN_DEPRECATED_OBJC_IMPLEMENTATIONS = YES;
				CLANG_WARN_DIRECT_OBJC_ISA_USAGE = YES_ERROR;
				CLANG_WARN_DOCUMENTATION_COMMENTS = YES;
				CLANG_WARN_EMPTY_BODY = YES;
				CLANG_WARN_ENUM_CONVERSION = YES;
				CLANG_WARN_INFINITE_RECURSION = YES;
				CLANG_WARN_INT_CONVERSION = YES;
				CLANG_WARN_NON_LITERAL_NULL_CONVERSION = YES;
				CLANG_WARN_OBJC_IMPLICIT_RETAIN_SELF = YES;
				CLANG_WARN_OBJC_LITERAL_CONVERSION = YES;
				CLANG_WARN_OBJC_ROOT_CLASS = YES_ERROR;
				CLANG_WARN_QUOTED_INCLUDE_IN_FRAMEWORK_HEADER = YES;
				CLANG_WARN_RANGE_LOOP_ANALYSIS = YES;
				CLANG_WARN_STRICT_PROTOTYPES = YES;
				CLANG_WARN_SUSPICIOUS_MOVE = YES;
				CLANG_WARN_UNGUARDED_AVAILABILITY = YES_AGGRESSIVE;
				CLANG_WARN_UNREACHABLE_CODE = YES;
				CLANG_WARN__DUPLICATE_METHOD_MATCH = YES;
				COPY_PHASE_STRIP = NO;
				DEBUG_INFORMATION_FORMAT = dwarf;
				ENABLE_STRICT_OBJC_MSGSEND = YES;
				ENABLE_TESTABILITY = YES;
				GCC_C_LANGUAGE_STANDARD = gnu11;
				GCC_DYNAMIC_NO_PIC = NO;
				GCC_NO_COMMON_BLOCKS = YES;
				GCC_OPTIMIZATION_LEVEL = 0;
				GCC_PREPROCESSOR_DEFINITIONS = (
					"DEBUG=1",
					"$(inherited)",
				);
				GCC_WARN_64_TO_32_BIT_CONVERSION = YES;
				GCC_WARN_ABOUT_RETURN_TYPE = YES_ERROR;
				GCC_WARN_UNDECLARED_SELECTOR = YES;
				GCC_WARN_UNINITIALIZED_AUTOS = YES_AGGRESSIVE;
				GCC_WARN_UNUSED_FUNCTION = YES;
				GCC_WARN_UNUSED_VARIABLE = YES;
				IPHONEOS_DEPLOYMENT_TARGET = 15.0;
				MTL_ENABLE_DEBUG_INFO = INCLUDE_SOURCE;
				MTL_FAST_MATH = YES;
				ONLY_ACTIVE_ARCH = YES;
				SDKROOT = iphoneos;
				SWIFT_ACTIVE_COMPILATION_CONDITIONS = DEBUG;
				SWIFT_OPTIMIZATION_LEVEL = "-Onone";
			};
			name = Debug;
		};
		04A4E05027998573004ED703 /* Release */ = {
			isa = XCBuildConfiguration;
			buildSettings = {
				ALWAYS_SEARCH_USER_PATHS = NO;
				CLANG_ANALYZER_NONNULL = YES;
				CLANG_ANALYZER_NUMBER_OBJECT_CONVERSION = YES_AGGRESSIVE;
				CLANG_CXX_LANGUAGE_STANDARD = "gnu++17";
				CLANG_CXX_LIBRARY = "libc++";
				CLANG_ENABLE_MODULES = YES;
				CLANG_ENABLE_OBJC_ARC = YES;
				CLANG_ENABLE_OBJC_WEAK = YES;
				CLANG_WARN_BLOCK_CAPTURE_AUTORELEASING = YES;
				CLANG_WARN_BOOL_CONVERSION = YES;
				CLANG_WARN_COMMA = YES;
				CLANG_WARN_CONSTANT_CONVERSION = YES;
				CLANG_WARN_DEPRECATED_OBJC_IMPLEMENTATIONS = YES;
				CLANG_WARN_DIRECT_OBJC_ISA_USAGE = YES_ERROR;
				CLANG_WARN_DOCUMENTATION_COMMENTS = YES;
				CLANG_WARN_EMPTY_BODY = YES;
				CLANG_WARN_ENUM_CONVERSION = YES;
				CLANG_WARN_INFINITE_RECURSION = YES;
				CLANG_WARN_INT_CONVERSION = YES;
				CLANG_WARN_NON_LITERAL_NULL_CONVERSION = YES;
				CLANG_WARN_OBJC_IMPLICIT_RETAIN_SELF = YES;
				CLANG_WARN_OBJC_LITERAL_CONVERSION = YES;
				CLANG_WARN_OBJC_ROOT_CLASS = YES_ERROR;
				CLANG_WARN_QUOTED_INCLUDE_IN_FRAMEWORK_HEADER = YES;
				CLANG_WARN_RANGE_LOOP_ANALYSIS = YES;
				CLANG_WARN_STRICT_PROTOTYPES = YES;
				CLANG_WARN_SUSPICIOUS_MOVE = YES;
				CLANG_WARN_UNGUARDED_AVAILABILITY = YES_AGGRESSIVE;
				CLANG_WARN_UNREACHABLE_CODE = YES;
				CLANG_WARN__DUPLICATE_METHOD_MATCH = YES;
				COPY_PHASE_STRIP = NO;
				DEBUG_INFORMATION_FORMAT = "dwarf-with-dsym";
				ENABLE_NS_ASSERTIONS = NO;
				ENABLE_STRICT_OBJC_MSGSEND = YES;
				GCC_C_LANGUAGE_STANDARD = gnu11;
				GCC_NO_COMMON_BLOCKS = YES;
				GCC_WARN_64_TO_32_BIT_CONVERSION = YES;
				GCC_WARN_ABOUT_RETURN_TYPE = YES_ERROR;
				GCC_WARN_UNDECLARED_SELECTOR = YES;
				GCC_WARN_UNINITIALIZED_AUTOS = YES_AGGRESSIVE;
				GCC_WARN_UNUSED_FUNCTION = YES;
				GCC_WARN_UNUSED_VARIABLE = YES;
				IPHONEOS_DEPLOYMENT_TARGET = 15.0;
				MTL_ENABLE_DEBUG_INFO = NO;
				MTL_FAST_MATH = YES;
				SDKROOT = iphoneos;
				SWIFT_COMPILATION_MODE = wholemodule;
				SWIFT_OPTIMIZATION_LEVEL = "-O";
				VALIDATE_PRODUCT = YES;
			};
			name = Release;
		};
		04A4E05227998573004ED703 /* Debug */ = {
			isa = XCBuildConfiguration;
			buildSettings = {
				ASSETCATALOG_COMPILER_APPICON_NAME = AppIcon;
				ASSETCATALOG_COMPILER_GLOBAL_ACCENT_COLOR_NAME = AccentColor;
				CODE_SIGN_STYLE = Automatic;
				CURRENT_PROJECT_VERSION = 1;
				DEVELOPMENT_TEAM = 4ZCX8DFXBW;
				GENERATE_INFOPLIST_FILE = YES;
				INFOPLIST_FILE = "MVC-Example/Info.plist";
				INFOPLIST_KEY_UIApplicationSupportsIndirectInputEvents = YES;
				INFOPLIST_KEY_UILaunchStoryboardName = LaunchScreen;
				INFOPLIST_KEY_UIMainStoryboardFile = Main;
				INFOPLIST_KEY_UISupportedInterfaceOrientations_iPad = "UIInterfaceOrientationPortrait UIInterfaceOrientationPortraitUpsideDown UIInterfaceOrientationLandscapeLeft UIInterfaceOrientationLandscapeRight";
				INFOPLIST_KEY_UISupportedInterfaceOrientations_iPhone = "UIInterfaceOrientationPortrait UIInterfaceOrientationLandscapeLeft UIInterfaceOrientationLandscapeRight";
				LD_RUNPATH_SEARCH_PATHS = (
					"$(inherited)",
					"@executable_path/Frameworks",
				);
				MARKETING_VERSION = 1.0;
				PRODUCT_BUNDLE_IDENTIFIER = "com.pawelbrzozowski.MVC-Example";
				PRODUCT_NAME = "$(TARGET_NAME)";
				SWIFT_EMIT_LOC_STRINGS = YES;
				SWIFT_VERSION = 5.0;
				TARGETED_DEVICE_FAMILY = "1,2";
			};
			name = Debug;
		};
		04A4E05327998573004ED703 /* Release */ = {
			isa = XCBuildConfiguration;
			buildSettings = {
				ASSETCATALOG_COMPILER_APPICON_NAME = AppIcon;
				ASSETCATALOG_COMPILER_GLOBAL_ACCENT_COLOR_NAME = AccentColor;
				CODE_SIGN_STYLE = Automatic;
				CURRENT_PROJECT_VERSION = 1;
				DEVELOPMENT_TEAM = 4ZCX8DFXBW;
				GENERATE_INFOPLIST_FILE = YES;
				INFOPLIST_FILE = "MVC-Example/Info.plist";
				INFOPLIST_KEY_UIApplicationSupportsIndirectInputEvents = YES;
				INFOPLIST_KEY_UILaunchStoryboardName = LaunchScreen;
				INFOPLIST_KEY_UIMainStoryboardFile = Main;
				INFOPLIST_KEY_UISupportedInterfaceOrientations_iPad = "UIInterfaceOrientationPortrait UIInterfaceOrientationPortraitUpsideDown UIInterfaceOrientationLandscapeLeft UIInterfaceOrientationLandscapeRight";
				INFOPLIST_KEY_UISupportedInterfaceOrientations_iPhone = "UIInterfaceOrientationPortrait UIInterfaceOrientationLandscapeLeft UIInterfaceOrientationLandscapeRight";
				LD_RUNPATH_SEARCH_PATHS = (
					"$(inherited)",
					"@executable_path/Frameworks",
				);
				MARKETING_VERSION = 1.0;
				PRODUCT_BUNDLE_IDENTIFIER = "com.pawelbrzozowski.MVC-Example";
				PRODUCT_NAME = "$(TARGET_NAME)";
				SWIFT_EMIT_LOC_STRINGS = YES;
				SWIFT_VERSION = 5.0;
				TARGETED_DEVICE_FAMILY = "1,2";
			};
			name = Release;
		};
/* End XCBuildConfiguration section */

/* Begin XCConfigurationList section */
		04A4E03827998572004ED703 /* Build configuration list for PBXProject "MVC-Example" */ = {
			isa = XCConfigurationList;
			buildConfigurations = (
				04A4E04F27998573004ED703 /* Debug */,
				04A4E05027998573004ED703 /* Release */,
			);
			defaultConfigurationIsVisible = 0;
			defaultConfigurationName = Release;
		};
		04A4E05127998573004ED703 /* Build configuration list for PBXNativeTarget "MVC-Example" */ = {
			isa = XCConfigurationList;
			buildConfigurations = (
				04A4E05227998573004ED703 /* Debug */,
				04A4E05327998573004ED703 /* Release */,
			);
			defaultConfigurationIsVisible = 0;
			defaultConfigurationName = Release;
		};
/* End XCConfigurationList section */
	};
	rootObject = 04A4E03527998572004ED703 /* Project object */;
}
